dependencies:
- name: grafana
  repository: https://grafana.github.io/helm-charts
  version: 9.4.5
- name: loki
  repository: https://grafana.github.io/helm-charts
  version: 6.55.0
- name: tempo
  repository: https://grafana.github.io/helm-charts
  version: 1.24.4
- name: mimir-distributed
  repository: https://grafana.github.io/helm-charts
  version: 5.8.0
- name: alloy
  repository: https://grafana.github.io/helm-charts
  version: 0.12.6
digest: sha256:d28e5b5aeded01c7dcc1b4d3015210ca636434d74f53e75721085bfa8f5f59ae
generated: "2026-09-07T19:44:05.915055662+05:30"
